
Microsoft Visual Studio Solution File, Format Version 12.00
# Visual Studio Version 16
VisualStudioVersion = 16.0.33328.57
MinimumVisualStudioVersion = 10.0.40219.1
Project("{8BC9CEB8-8B4A-11D0-8D11-00A0C91BC942}") = "HijackMethod_x64", "HijackMethod\HijackMethod.vcxproj", "{CA7B2BD2-F5AF-41DC-83EC-56461B747112}"
EndProject
Project("{8BC9CEB8-8B4A-11D0-8D11-00A0C91BC942}") = "HijackMethod_x86", "HijackMethod_x86\HijackMethod_x86.vcxproj", "{72196E35-93B1-4CB7-9B74-8216F9633041}"
EndProject
Global
	GlobalSection(SolutionConfigurationPlatforms) = preSolution
		Debug|x86 = Debug|x86
		Release|x86 = Release|x86
	EndGlobalSection
	GlobalSection(ProjectConfigurationPlatforms) = postSolution
		{CA7B2BD2-F5AF-41DC-83EC-56461B747112}.Debug|x86.ActiveCfg = Debug|x64
		{CA7B2BD2-F5AF-41DC-83EC-56461B747112}.Release|x86.ActiveCfg = Release|x64
		{72196E35-93B1-4CB7-9B74-8216F9633041}.Debug|x86.ActiveCfg = Debug|Win32
		{72196E35-93B1-4CB7-9B74-8216F9633041}.Debug|x86.Build.0 = Debug|Win32
		{72196E35-93B1-4CB7-9B74-8216F9633041}.Release|x86.ActiveCfg = Release|Win32
		{72196E35-93B1-4CB7-9B74-8216F9633041}.Release|x86.Build.0 = Release|Win32
	EndGlobalSection
	GlobalSection(SolutionProperties) = preSolution
		HideSolutionNode = FALSE
	EndGlobalSection
	GlobalSection(ExtensibilityGlobals) = postSolution
		SolutionGuid = {539B6C2D-53AE-4B50-8991-70F63ED1BE74}
	EndGlobalSection
EndGlobal
